{
  "name": "countfn",
  "version": "0.1.3",
  "lockfileVersion": 3,
  "requires": true,
  "packages": {
    "": {
      "name": "countfn",
      "version": "0.1.3",
      "license": "MIT",
      "dependencies": {
        "undetermined": ">=0.1.0"
      },
      "engines": {
        "node": ">=20.0.0"
      }
    },
    "node_modules/undetermined": {
      "version": "0.2.0",
      "resolved": "https://registry.npmjs.org/undetermined/-/undetermined-0.2.0.tgz",
      "integrity": "sha512-SHsCGFRMDkWehjzhTFxG9ltXbqUTtyxDfoF1V9BZpVv9Gfhkn9/42H06OZohz+Z2giHCr9+v0zbJoiNlpStCsg==",
      "license": "MIT",
      "engines": {
        "node": ">=20.0.0"
      }
    }
  }
}
